lockfileVersion: 5.4

specifiers:
  '@orillusion/core': 0.7.2
  '@orillusion/effect': ^0.1.2
  '@orillusion/graphic': ^0.1.1
  '@orillusion/media-extention': ^0.3.4
  '@orillusion/particle': ^0.1.0
  '@orillusion/physics': ^0.2.1
  '@orillusion/stats': ^0.2.1
  '@types/dat.gui': ^0.7.11
  '@types/node': ^18.18.8
  esbuild: ^0.17.19
  prettier: ^2.8.8
  vitepress: 1.0.0-rc.40
  vue: ^3.3.7

devDependencies:
  '@orillusion/core': 0.7.2
  '@orillusion/effect': 0.1.2
  '@orillusion/graphic': 0.1.1
  '@orillusion/media-extention': 0.3.4
  '@orillusion/particle': 0.1.0
  '@orillusion/physics': 0.2.1
  '@orillusion/stats': 0.2.1
  '@types/dat.gui': 0.7.11
  '@types/node': 18.18.8
  esbuild: 0.17.19
  prettier: 2.8.8
  vitepress: 1.0.0-rc.40_@types+node@18.18.8
  vue: 3.3.7

packages:

  /@algolia/autocomplete-core/1.9.3_algoliasearch@4.20.0:
    resolution: {integrity: sha512-009HdfugtGCdC4JdXUbVJClA0q0zh24yyePn+KUGk3rP7j8FEe/m5Yo/z65gn6nP/cM39PxpzqKrL7A6fP6PPw==}
    dependencies:
      '@algolia/autocomplete-plugin-algolia-insights': 1.9.3_algoliasearch@4.20.0
      '@algolia/autocomplete-shared': 1.9.3_algoliasearch@4.20.0
    transitivePeerDependencies:
      - '@algolia/client-search'
      - algoliasearch
      - search-insights
    dev: true

  /@algolia/autocomplete-plugin-algolia-insights/1.9.3_algoliasearch@4.20.0:
    resolution: {integrity: sha512-a/yTUkcO/Vyy+JffmAnTWbr4/90cLzw+CC3bRbhnULr/EM0fGNvM13oQQ14f2moLMcVDyAx/leczLlAOovhSZg==}
    peerDependencies:
      search-insights: '>= 1 < 3'
    peerDependenciesMeta:
      search-insights:
        optional: true
    dependencies:
      '@algolia/autocomplete-shared': 1.9.3_algoliasearch@4.20.0
    transitivePeerDependencies:
      - '@algolia/client-search'
      - algoliasearch
    dev: true

  /@algolia/autocomplete-preset-algolia/1.9.3_algoliasearch@4.20.0:
    resolution: {integrity: sha512-d4qlt6YmrLMYy95n5TB52wtNDr6EgAIPH81dvvvW8UmuWRgxEtY0NJiPwl/h95JtG2vmRM804M0DSwMCNZlzRA==}
    peerDependencies:
      '@algolia/client-search': '>= 4.9.1 < 6'
      algoliasearch: '>= 4.9.1 < 6'
    peerDependenciesMeta:
      '@algolia/client-search':
        optional: true
    dependencies:
      '@algolia/autocomplete-shared': 1.9.3_algoliasearch@4.20.0
      algoliasearch: 4.20.0
    dev: true

  /@algolia/autocomplete-shared/1.9.3_algoliasearch@4.20.0:
    resolution: {integrity: sha512-Wnm9E4Ye6Rl6sTTqjoymD+l8DjSTHsHboVRYrKgEt8Q7UHm9nYbqhN/i0fhUYA3OAEH7WA8x3jfpnmJm3rKvaQ==}
    peerDependencies:
      '@algolia/client-search': '>= 4.9.1 < 6'
      algoliasearch: '>= 4.9.1 < 6'
    peerDependenciesMeta:
      '@algolia/client-search':
        optional: true
    dependencies:
      algoliasearch: 4.20.0
    dev: true

  /@algolia/cache-browser-local-storage/4.20.0:
    resolution: {integrity: sha512-uujahcBt4DxduBTvYdwO3sBfHuJvJokiC3BP1+O70fglmE1ShkH8lpXqZBac1rrU3FnNYSUs4pL9lBdTKeRPOQ==}
    dependencies:
      '@algolia/cache-common': 4.20.0
    dev: true

  /@algolia/cache-common/4.20.0:
    resolution: {integrity: sha512-vCfxauaZutL3NImzB2G9LjLt36vKAckc6DhMp05An14kVo8F1Yofb6SIl6U3SaEz8pG2QOB9ptwM5c+zGevwIQ==}
    dev: true

  /@algolia/cache-in-memory/4.20.0:
    resolution: {integrity: sha512-Wm9ak/IaacAZXS4mB3+qF/KCoVSBV6aLgIGFEtQtJwjv64g4ePMapORGmCyulCFwfePaRAtcaTbMcJF+voc/bg==}
    dependencies:
      '@algolia/cache-common': 4.20.0
    dev: true

  /@algolia/client-account/4.20.0:
    resolution: {integrity: sha512-GGToLQvrwo7am4zVkZTnKa72pheQeez/16sURDWm7Seyz+HUxKi3BM6fthVVPUEBhtJ0reyVtuK9ArmnaKl10Q==}
    dependencies:
      '@algolia/client-common': 4.20.0
      '@algolia/client-search': 4.20.0
      '@algolia/transporter': 4.20.0
    dev: true

  /@algolia/client-analytics/4.20.0:
    resolution: {integrity: sha512-EIr+PdFMOallRdBTHHdKI3CstslgLORQG7844Mq84ib5oVFRVASuuPmG4bXBgiDbcsMLUeOC6zRVJhv1KWI0ug==}
    dependencies:
      '@algolia/client-common': 4.20.0
      '@algolia/client-search': 4.20.0
      '@algolia/requester-common': 4.20.0
      '@algolia/transporter': 4.20.0
    dev: true

  /@algolia/client-common/4.20.0:
    resolution: {integrity: sha512-P3WgMdEss915p+knMMSd/fwiHRHKvDu4DYRrCRaBrsfFw7EQHon+EbRSm4QisS9NYdxbS04kcvNoavVGthyfqQ==}
    dependencies:
      '@algolia/requester-common': 4.20.0
      '@algolia/transporter': 4.20.0
    dev: true

  /@algolia/client-personalization/4.20.0:
    resolution: {integrity: sha512-N9+zx0tWOQsLc3K4PVRDV8GUeOLAY0i445En79Pr3zWB+m67V+n/8w4Kw1C5LlbHDDJcyhMMIlqezh6BEk7xAQ==}
    dependencies:
      '@algolia/client-common': 4.20.0
      '@algolia/requester-common': 4.20.0
      '@algolia/transporter': 4.20.0
    dev: true

  /@algolia/client-search/4.20.0:
    resolution: {integrity: sha512-zgwqnMvhWLdpzKTpd3sGmMlr4c+iS7eyyLGiaO51zDZWGMkpgoNVmltkzdBwxOVXz0RsFMznIxB9zuarUv4TZg==}
    dependencies:
      '@algolia/client-common': 4.20.0
      '@algolia/requester-common': 4.20.0
      '@algolia/transporter': 4.20.0
    dev: true

  /@algolia/logger-common/4.20.0:
    resolution: {integrity: sha512-xouigCMB5WJYEwvoWW5XDv7Z9f0A8VoXJc3VKwlHJw/je+3p2RcDXfksLI4G4lIVncFUYMZx30tP/rsdlvvzHQ==}
    dev: true

  /@algolia/logger-console/4.20.0:
    resolution: {integrity: sha512-THlIGG1g/FS63z0StQqDhT6bprUczBI8wnLT3JWvfAQDZX5P6fCg7dG+pIrUBpDIHGszgkqYEqECaKKsdNKOUA==}
    dependencies:
      '@algolia/logger-common': 4.20.0
    dev: true

  /@algolia/requester-browser-xhr/4.20.0:
    resolution: {integrity: sha512-HbzoSjcjuUmYOkcHECkVTwAelmvTlgs48N6Owt4FnTOQdwn0b8pdht9eMgishvk8+F8bal354nhx/xOoTfwiAw==}
    dependencies:
      '@algolia/requester-common': 4.20.0
    dev: true

  /@algolia/requester-common/4.20.0:
    resolution: {integrity: sha512-9h6ye6RY/BkfmeJp7Z8gyyeMrmmWsMOCRBXQDs4mZKKsyVlfIVICpcSibbeYcuUdurLhIlrOUkH3rQEgZzonng==}
    dev: true

  /@algolia/requester-node-http/4.20.0:
    resolution: {integrity: sha512-ocJ66L60ABSSTRFnCHIEZpNHv6qTxsBwJEPfYaSBsLQodm0F9ptvalFkHMpvj5DfE22oZrcrLbOYM2bdPJRHng==}
    dependencies:
      '@algolia/requester-common': 4.20.0
    dev: true

  /@algolia/transporter/4.20.0:
    resolution: {integrity: sha512-Lsii1pGWOAISbzeyuf+r/GPhvHMPHSPrTDWNcIzOE1SG1inlJHICaVe2ikuoRjcpgxZNU54Jl+if15SUCsaTUg==}
    dependencies:
      '@algolia/cache-common': 4.20.0
      '@algolia/logger-common': 4.20.0
      '@algolia/requester-common': 4.20.0
    dev: true

  /@babel/helper-string-parser/7.22.5:
    resolution: {integrity: sha512-mM4COjgZox8U+JcXQwPijIZLElkgEpO5rsERVDJTc2qfCDfERyob6k5WegS14SX18IIjv+XD+GrqNumY5JRCDw==}
    engines: {node: '>=6.9.0'}
    dev: true

  /@babel/helper-validator-identifier/7.22.20:
    resolution: {integrity: sha512-Y4OZ+ytlatR8AI+8KZfKuL5urKp7qey08ha31L8b3BwewJAoJamTzyvxPR/5D+KkdJCGPq/+8TukHBlY10FX9A==}
    engines: {node: '>=6.9.0'}
    dev: true

  /@babel/parser/7.23.0:
    resolution: {integrity: sha512-vvPKKdMemU85V9WE/l5wZEmImpCtLqbnTvqDS2U1fJ96KrxoW7KrXhNsNCblQlg8Ck4b85yxdTyelsMUgFUXiw==}
    engines: {node: '>=6.0.0'}
    hasBin: true
    dependencies:
      '@babel/types': 7.23.0
    dev: true

  /@babel/parser/7.23.6:
    resolution: {integrity: sha512-Z2uID7YJ7oNvAI20O9X0bblw7Qqs8Q2hFy0R9tAfnfLkp5MW0UH9eUvnDSnFwKZ0AvgS1ucqR4KzvVHgnke1VQ==}
    engines: {node: '>=6.0.0'}
    hasBin: true
    dependencies:
      '@babel/types': 7.23.0
    dev: true

  /@babel/types/7.23.0:
    resolution: {integrity: sha512-0oIyUfKoI3mSqMvsxBdclDwxXKXAUA8v/apZbc+iSyARYou1o8ZGDxbUYyLFoW2arqS2jDGqJuZvv1d/io1axg==}
    engines: {node: '>=6.9.0'}
    dependencies:
      '@babel/helper-string-parser': 7.22.5
      '@babel/helper-validator-identifier': 7.22.20
      to-fast-properties: 2.0.0
    dev: true

  /@docsearch/css/3.5.2:
    resolution: {integrity: sha512-SPiDHaWKQZpwR2siD0KQUwlStvIAnEyK6tAE2h2Wuoq8ue9skzhlyVQ1ddzOxX6khULnAALDiR/isSF3bnuciA==}
    dev: true

  /@docsearch/js/3.5.2:
    resolution: {integrity: sha512-p1YFTCDflk8ieHgFJYfmyHBki1D61+U9idwrLh+GQQMrBSP3DLGKpy0XUJtPjAOPltcVbqsTjiPFfH7JImjUNg==}
    dependencies:
      '@docsearch/react': 3.5.2
      preact: 10.18.1
    transitivePeerDependencies:
      - '@algolia/client-search'
      - '@types/react'
      - react
      - react-dom
      - search-insights
    dev: true

  /@docsearch/react/3.5.2:
    resolution: {integrity: sha512-9Ahcrs5z2jq/DcAvYtvlqEBHImbm4YJI8M9y0x6Tqg598P40HTEkX7hsMcIuThI+hTFxRGZ9hll0Wygm2yEjng==}
    peerDependencies:
      '@types/react': '>= 16.8.0 < 19.0.0'
      react: '>= 16.8.0 < 19.0.0'
      react-dom: '>= 16.8.0 < 19.0.0'
      search-insights: '>= 1 < 3'
    peerDependenciesMeta:
      '@types/react':
        optional: true
      react:
        optional: true
      react-dom:
        optional: true
      search-insights:
        optional: true
    dependencies:
      '@algolia/autocomplete-core': 1.9.3_algoliasearch@4.20.0
      '@algolia/autocomplete-preset-algolia': 1.9.3_algoliasearch@4.20.0
      '@docsearch/css': 3.5.2
      algoliasearch: 4.20.0
    transitivePeerDependencies:
      - '@algolia/client-search'
    dev: true

  /@esbuild/android-arm/0.17.19:
    resolution: {integrity: sha512-rIKddzqhmav7MSmoFCmDIb6e2W57geRsM94gV2l38fzhXMwq7hZoClug9USI2pFRGL06f4IOPHHpFNOkWieR8A==}
    engines: {node: '>=12'}
    cpu: [arm]
    os: [android]
    requiresBuild: true
    dev: true
    optional: true

  /@esbuild/android-arm/0.19.5:
    resolution: {integrity: sha512-bhvbzWFF3CwMs5tbjf3ObfGqbl/17ict2/uwOSfr3wmxDE6VdS2GqY/FuzIPe0q0bdhj65zQsvqfArI9MY6+AA==}
    engines: {node: '>=12'}
    cpu: [arm]
    os: [android]
    requiresBuild: true
    dev: true
    optional: true

  /@esbuild/android-arm64/0.17.19:
    resolution: {integrity: sha512-KBMWvEZooR7+kzY0BtbTQn0OAYY7CsiydT63pVEaPtVYF0hXbUaOyZog37DKxK7NF3XacBJOpYT4adIJh+avxA==}
    engines: {node: '>=12'}
    cpu: [arm64]
    os: [android]
    requiresBuild: true
    dev: true
    optional: true

  /@esbuild/android-arm64/0.19.5:
    resolution: {integrity: sha512-5d1OkoJxnYQfmC+Zd8NBFjkhyCNYwM4n9ODrycTFY6Jk1IGiZ+tjVJDDSwDt77nK+tfpGP4T50iMtVi4dEGzhQ==}
    engines: {node: '>=12'}
    cpu: [arm64]
    os: [android]
    requiresBuild: true
    dev: true
    optional: true

  /@esbuild/android-x64/0.17.19:
    resolution: {integrity: sha512-uUTTc4xGNDT7YSArp/zbtmbhO0uEEK9/ETW29Wk1thYUJBz3IVnvgEiEwEa9IeLyvnpKrWK64Utw2bgUmDveww==}
    engines: {node: '>=12'}
    cpu: [x64]
    os: [android]
    requiresBuild: true
    dev: true
    optional: true

  /@esbuild/android-x64/0.19.5:
    resolution: {integrity: sha512-9t+28jHGL7uBdkBjL90QFxe7DVA+KGqWlHCF8ChTKyaKO//VLuoBricQCgwhOjA1/qOczsw843Fy4cbs4H3DVA==}
    engines: {node: '>=12'}
    cpu: [x64]
    os: [android]
    requiresBuild: true
    dev: true
    optional: true

  /@esbuild/darwin-arm64/0.17.19:
    resolution: {integrity: sha512-80wEoCfF/hFKM6WE1FyBHc9SfUblloAWx6FJkFWTWiCoht9Mc0ARGEM47e67W9rI09YoUxJL68WHfDRYEAvOhg==}
    engines: {node: '>=12'}
    cpu: [arm64]
    os: [darwin]
    requiresBuild: true
    dev: true
    optional: true

  /@esbuild/darwin-arm64/0.19.5:
    resolution: {integrity: sha512-mvXGcKqqIqyKoxq26qEDPHJuBYUA5KizJncKOAf9eJQez+L9O+KfvNFu6nl7SCZ/gFb2QPaRqqmG0doSWlgkqw==}
    engines: {node: '>=12'}
    cpu: [arm64]
    os: [darwin]
    requiresBuild: true
    dev: true
    optional: true

  /@esbuild/darwin-x64/0.17.19:
    resolution: {integrity: sha512-IJM4JJsLhRYr9xdtLytPLSH9k/oxR3boaUIYiHkAawtwNOXKE8KoU8tMvryogdcT8AU+Bflmh81Xn6Q0vTZbQw==}
    engines: {node: '>=12'}
    cpu: [x64]
    os: [darwin]
    requiresBuild: true
    dev: true
    optional: true

  /@esbuild/darwin-x64/0.19.5:
    resolution: {integrity: sha512-Ly8cn6fGLNet19s0X4unjcniX24I0RqjPv+kurpXabZYSXGM4Pwpmf85WHJN3lAgB8GSth7s5A0r856S+4DyiA==}
    engines: {node: '>=12'}
    cpu: [x64]
    os: [darwin]
    requiresBuild: true
    dev: true
    optional: true

  /@esbuild/freebsd-arm64/0.17.19:
    resolution: {integrity: sha512-pBwbc7DufluUeGdjSU5Si+P3SoMF5DQ/F/UmTSb8HXO80ZEAJmrykPyzo1IfNbAoaqw48YRpv8shwd1NoI0jcQ==}
    engines: {node: '>=12'}
    cpu: [arm64]
    os: [freebsd]
    requiresBuild: true
    dev: true
    optional: true

  /@esbuild/freebsd-arm64/0.19.5:
    resolution: {integrity: sha512-GGDNnPWTmWE+DMchq1W8Sd0mUkL+APvJg3b11klSGUDvRXh70JqLAO56tubmq1s2cgpVCSKYywEiKBfju8JztQ==}
    engines: {node: '>=12'}
    cpu: [arm64]
    os: [freebsd]
    requiresBuild: true
    dev: true
    optional: true

  /@esbuild/freebsd-x64/0.17.19:
    resolution: {integrity: sha512-4lu+n8Wk0XlajEhbEffdy2xy53dpR06SlzvhGByyg36qJw6Kpfk7cp45DR/62aPH9mtJRmIyrXAS5UWBrJT6TQ==}
    engines: {node: '>=12'}
    cpu: [x64]
    os: [freebsd]
    requiresBuild: true
    dev: true
    optional: true

  /@esbuild/freebsd-x64/0.19.5:
    resolution: {integrity: sha512-1CCwDHnSSoA0HNwdfoNY0jLfJpd7ygaLAp5EHFos3VWJCRX9DMwWODf96s9TSse39Br7oOTLryRVmBoFwXbuuQ==}
    engines: {node: '>=12'}
    cpu: [x64]
    os: [freebsd]
    requiresBuild: true
    dev: true
    optional: true

  /@esbuild/linux-arm/0.17.19:
    resolution: {integrity: sha512-cdmT3KxjlOQ/gZ2cjfrQOtmhG4HJs6hhvm3mWSRDPtZ/lP5oe8FWceS10JaSJC13GBd4eH/haHnqf7hhGNLerA==}
    engines: {node: '>=12'}
    cpu: [arm]
    os: [linux]
    requiresBuild: true
    dev: true
    optional: true

  /@esbuild/linux-arm/0.19.5:
    resolution: {integrity: sha512-lrWXLY/vJBzCPC51QN0HM71uWgIEpGSjSZZADQhq7DKhPcI6NH1IdzjfHkDQws2oNpJKpR13kv7/pFHBbDQDwQ==}
    engines: {node: '>=12'}
    cpu: [arm]
    os: [linux]
    requiresBuild: true
    dev: true
    optional: true

  /@esbuild/linux-arm64/0.17.19:
    resolution: {integrity: sha512-ct1Tg3WGwd3P+oZYqic+YZF4snNl2bsnMKRkb3ozHmnM0dGWuxcPTTntAF6bOP0Sp4x0PjSF+4uHQ1xvxfRKqg==}
    engines: {node: '>=12'}
    cpu: [arm64]
    os: [linux]
    requiresBuild: true
    dev: true
    optional: true

  /@esbuild/linux-arm64/0.19.5:
    resolution: {integrity: sha512-o3vYippBmSrjjQUCEEiTZ2l+4yC0pVJD/Dl57WfPwwlvFkrxoSO7rmBZFii6kQB3Wrn/6GwJUPLU5t52eq2meA==}
    engines: {node: '>=12'}
    cpu: [arm64]
    os: [linux]
    requiresBuild: true
    dev: true
    optional: true

  /@esbuild/linux-ia32/0.17.19:
    resolution: {integrity: sha512-w4IRhSy1VbsNxHRQpeGCHEmibqdTUx61Vc38APcsRbuVgK0OPEnQ0YD39Brymn96mOx48Y2laBQGqgZ0j9w6SQ==}
    engines: {node: '>=12'}
    cpu: [ia32]
    os: [linux]
    requiresBuild: true
    dev: true
    optional: true

  /@esbuild/linux-ia32/0.19.5:
    resolution: {integrity: sha512-MkjHXS03AXAkNp1KKkhSKPOCYztRtK+KXDNkBa6P78F8Bw0ynknCSClO/ztGszILZtyO/lVKpa7MolbBZ6oJtQ==}
    engines: {node: '>=12'}
    cpu: [ia32]
    os: [linux]
    requiresBuild: true
    dev: true
    optional: true

  /@esbuild/linux-loong64/0.17.19:
    resolution: {integrity: sha512-2iAngUbBPMq439a+z//gE+9WBldoMp1s5GWsUSgqHLzLJ9WoZLZhpwWuym0u0u/4XmZ3gpHmzV84PonE+9IIdQ==}
    engines: {node: '>=12'}
    cpu: [loong64]
    os: [linux]
    requiresBuild: true
    dev: true
    optional: true

  /@esbuild/linux-loong64/0.19.5:
    resolution: {integrity: sha512-42GwZMm5oYOD/JHqHska3Jg0r+XFb/fdZRX+WjADm3nLWLcIsN27YKtqxzQmGNJgu0AyXg4HtcSK9HuOk3v1Dw==}
    engines: {node: '>=12'}
    cpu: [loong64]
    os: [linux]
    requiresBuild: true
    dev: true
    optional: true

  /@esbuild/linux-mips64el/0.17.19:
    resolution: {integrity: sha512-LKJltc4LVdMKHsrFe4MGNPp0hqDFA1Wpt3jE1gEyM3nKUvOiO//9PheZZHfYRfYl6AwdTH4aTcXSqBerX0ml4A==}
    engines: {node: '>=12'}
    cpu: [mips64el]
    os: [linux]
    requiresBuild: true
    dev: true
    optional: true

  /@esbuild/linux-mips64el/0.19.5:
    resolution: {integrity: sha512-kcjndCSMitUuPJobWCnwQ9lLjiLZUR3QLQmlgaBfMX23UEa7ZOrtufnRds+6WZtIS9HdTXqND4yH8NLoVVIkcg==}
    engines: {node: '>=12'}
    cpu: [mips64el]
    os: [linux]
    requiresBuild: true
    dev: true
    optional: true

  /@esbuild/linux-ppc64/0.17.19:
    resolution: {integrity: sha512-/c/DGybs95WXNS8y3Ti/ytqETiW7EU44MEKuCAcpPto3YjQbyK3IQVKfF6nbghD7EcLUGl0NbiL5Rt5DMhn5tg==}
    engines: {node: '>=12'}
    cpu: [ppc64]
    os: [linux]
    requiresBuild: true
    dev: true
    optional: true

  /@esbuild/linux-ppc64/0.19.5:
    resolution: {integrity: sha512-yJAxJfHVm0ZbsiljbtFFP1BQKLc8kUF6+17tjQ78QjqjAQDnhULWiTA6u0FCDmYT1oOKS9PzZ2z0aBI+Mcyj7Q==}
    engines: {node: '>=12'}
    cpu: [ppc64]
    os: [linux]
    requiresBuild: true
    dev: true
    optional: true

  /@esbuild/linux-riscv64/0.17.19:
    resolution: {integrity: sha512-FC3nUAWhvFoutlhAkgHf8f5HwFWUL6bYdvLc/TTuxKlvLi3+pPzdZiFKSWz/PF30TB1K19SuCxDTI5KcqASJqA==}
    engines: {node: '>=12'}
    cpu: [riscv64]
    os: [linux]
    requiresBuild: true
    dev: true
    optional: true

  /@esbuild/linux-riscv64/0.19.5:
    resolution: {integrity: sha512-5u8cIR/t3gaD6ad3wNt1MNRstAZO+aNyBxu2We8X31bA8XUNyamTVQwLDA1SLoPCUehNCymhBhK3Qim1433Zag==}
    engines: {node: '>=12'}
    cpu: [riscv64]
    os: [linux]
    requiresBuild: true
    dev: true
    optional: true

  /@esbuild/linux-s390x/0.17.19:
    resolution: {integrity: sha512-IbFsFbxMWLuKEbH+7sTkKzL6NJmG2vRyy6K7JJo55w+8xDk7RElYn6xvXtDW8HCfoKBFK69f3pgBJSUSQPr+4Q==}
    engines: {node: '>=12'}
    cpu: [s390x]
    os: [linux]
    requiresBuild: true
    dev: true
    optional: true

  /@esbuild/linux-s390x/0.19.5:
    resolution: {integrity: sha512-Z6JrMyEw/EmZBD/OFEFpb+gao9xJ59ATsoTNlj39jVBbXqoZm4Xntu6wVmGPB/OATi1uk/DB+yeDPv2E8PqZGw==}
    engines: {node: '>=12'}
    cpu: [s390x]
    os: [linux]
    requiresBuild: true
    dev: true
    optional: true

  /@esbuild/linux-x64/0.17.19:
    resolution: {integrity: sha512-68ngA9lg2H6zkZcyp22tsVt38mlhWde8l3eJLWkyLrp4HwMUr3c1s/M2t7+kHIhvMjglIBrFpncX1SzMckomGw==}
    engines: {node: '>=12'}
    cpu: [x64]
    os: [linux]
    requiresBuild: true
    dev: true
    optional: true

  /@esbuild/linux-x64/0.19.5:
    resolution: {integrity: sha512-psagl+2RlK1z8zWZOmVdImisMtrUxvwereIdyJTmtmHahJTKb64pAcqoPlx6CewPdvGvUKe2Jw+0Z/0qhSbG1A==}
    engines: {node: '>=12'}
    cpu: [x64]
    os: [linux]
    requiresBuild: true
    dev: true
    optional: true

  /@esbuild/netbsd-x64/0.17.19:
    resolution: {integrity: sha512-CwFq42rXCR8TYIjIfpXCbRX0rp1jo6cPIUPSaWwzbVI4aOfX96OXY8M6KNmtPcg7QjYeDmN+DD0Wp3LaBOLf4Q==}
    engines: {node: '>=12'}
    cpu: [x64]
    os: [netbsd]
    requiresBuild: true
    dev: true
    optional: true

  /@esbuild/netbsd-x64/0.19.5:
    resolution: {integrity: sha512-kL2l+xScnAy/E/3119OggX8SrWyBEcqAh8aOY1gr4gPvw76la2GlD4Ymf832UCVbmuWeTf2adkZDK+h0Z/fB4g==}
    engines: {node: '>=12'}
    cpu: [x64]
    os: [netbsd]
    requiresBuild: true
    dev: true
    optional: true

  /@esbuild/openbsd-x64/0.17.19:
    resolution: {integrity: sha512-cnq5brJYrSZ2CF6c35eCmviIN3k3RczmHz8eYaVlNasVqsNY+JKohZU5MKmaOI+KkllCdzOKKdPs762VCPC20g==}
    engines: {node: '>=12'}
    cpu: [x64]
    os: [openbsd]
    requiresBuild: true
    dev: true
    optional: true

  /@esbuild/openbsd-x64/0.19.5:
    resolution: {integrity: sha512-sPOfhtzFufQfTBgRnE1DIJjzsXukKSvZxloZbkJDG383q0awVAq600pc1nfqBcl0ice/WN9p4qLc39WhBShRTA==}
    engines: {node: '>=12'}
    cpu: [x64]
    os: [openbsd]
    requiresBuild: true
    dev: true
    optional: true

  /@esbuild/sunos-x64/0.17.19:
    resolution: {integrity: sha512-vCRT7yP3zX+bKWFeP/zdS6SqdWB8OIpaRq/mbXQxTGHnIxspRtigpkUcDMlSCOejlHowLqII7K2JKevwyRP2rg==}
    engines: {node: '>=12'}
    cpu: [x64]
    os: [sunos]
    requiresBuild: true
    dev: true
    optional: true

  /@esbuild/sunos-x64/0.19.5:
    resolution: {integrity: sha512-dGZkBXaafuKLpDSjKcB0ax0FL36YXCvJNnztjKV+6CO82tTYVDSH2lifitJ29jxRMoUhgkg9a+VA/B03WK5lcg==}
    engines: {node: '>=12'}
    cpu: [x64]
    os: [sunos]
    requiresBuild: true
    dev: true
    optional: true

  /@esbuild/win32-arm64/0.17.19:
    resolution: {integrity: sha512-yYx+8jwowUstVdorcMdNlzklLYhPxjniHWFKgRqH7IFlUEa0Umu3KuYplf1HUZZ422e3NU9F4LGb+4O0Kdcaag==}
    engines: {node: '>=12'}
    cpu: [arm64]
    os: [win32]
    requiresBuild: true
    dev: true
    optional: true

  /@esbuild/win32-arm64/0.19.5:
    resolution: {integrity: sha512-dWVjD9y03ilhdRQ6Xig1NWNgfLtf2o/STKTS+eZuF90fI2BhbwD6WlaiCGKptlqXlURVB5AUOxUj09LuwKGDTg==}
    engines: {node: '>=12'}
    cpu: [arm64]
    os: [win32]
    requiresBuild: true
    dev: true
    optional: true

  /@esbuild/win32-ia32/0.17.19:
    resolution: {integrity: sha512-eggDKanJszUtCdlVs0RB+h35wNlb5v4TWEkq4vZcmVt5u/HiDZrTXe2bWFQUez3RgNHwx/x4sk5++4NSSicKkw==}
    engines: {node: '>=12'}
    cpu: [ia32]
    os: [win32]
    requiresBuild: true
    dev: true
    optional: true

  /@esbuild/win32-ia32/0.19.5:
    resolution: {integrity: sha512-4liggWIA4oDgUxqpZwrDhmEfAH4d0iljanDOK7AnVU89T6CzHon/ony8C5LeOdfgx60x5cnQJFZwEydVlYx4iw==}
    engines: {node: '>=12'}
    cpu: [ia32]
    os: [win32]
    requiresBuild: true
    dev: true
    optional: true

  /@esbuild/win32-x64/0.17.19:
    resolution: {integrity: sha512-lAhycmKnVOuRYNtRtatQR1LPQf2oYCkRGkSFnseDAKPl8lu5SOsK/e1sXe5a0Pc5kHIHe6P2I/ilntNv2xf3cA==}
    engines: {node: '>=12'}
    cpu: [x64]
    os: [win32]
    requiresBuild: true
    dev: true
    optional: true

  /@esbuild/win32-x64/0.19.5:
    resolution: {integrity: sha512-czTrygUsB/jlM8qEW5MD8bgYU2Xg14lo6kBDXW6HdxKjh8M5PzETGiSHaz9MtbXBYDloHNUAUW2tMiKW4KM9Mw==}
    engines: {node: '>=12'}
    cpu: [x64]
    os: [win32]
    requiresBuild: true
    dev: true
    optional: true

  /@jridgewell/sourcemap-codec/1.4.15:
    resolution: {integrity: sha512-eF2rxCRulEKXHTRiDrDy6erMYWqNw4LPdQ8UQA4huuxaQsVeRPFl2oM8oDGxMFhJUWZf9McpLtJasDDZb/Bpeg==}
    dev: true

  /@orillusion/ammo/0.1.1:
    resolution: {integrity: sha512-5zjxCQq8FKQihxh8ZWI5ASelTaIz/QUino5HISOWWvpwXrYtzwptDA8MuQonASseQwo1WkWu+jmuNMdusdNuww==}
    dev: true

  /@orillusion/core/0.7.2:
    resolution: {integrity: sha512-GeH1coIFjNWJRm8RKRd3dFwpJfDoZPbEI3cNxJnqivKKWN49HlzlOiq4RGnDcxZMdvljoB3uGVXOuzEeaLp3qA==}
    dev: true

  /@orillusion/effect/0.1.2:
    resolution: {integrity: sha512-DjW9snxuISDgFZAPBclXr3wOvspja2QkoUPaviELPLPbDJ03pSIDNm4S+JHBLMBRuaIlDbtnXILn6fiHDXRTbQ==}
    dependencies:
      '@orillusion/core': 0.7.2
    dev: true

  /@orillusion/graphic/0.1.1:
    resolution: {integrity: sha512-B7okl+lZlSsYvzFmTTe1v51iB2F1vqBmequFlM+iHKYZ+3F8PWwbRKRYUDbT9NH4MjJHqno2FCSEOfAnhAm7WA==}
    dependencies:
      '@orillusion/core': 0.7.2
      earcut: 2.2.4
    dev: true

  /@orillusion/media-extention/0.3.4:
    resolution: {integrity: sha512-/bbGk0eG7HS696gLT5yZyjK10jWAgcnFEfm5M5GGUWkuwcvatlw9dOIZzMDUN7RuZO0cvs0Tcc/V884iqvj32w==}
    dependencies:
      '@orillusion/core': 0.7.2
    dev: true

  /@orillusion/particle/0.1.0:
    resolution: {integrity: sha512-dax6gyY2Ca4HDvBC6PCI31Bw9odxH+ndf59ESkA0u9n1jTMSagTqK9UBdhVDl4ykOuQz4uac4QA2iYVpKn9DlA==}
    dependencies:
      '@orillusion/core': 0.7.2
    dev: true

  /@orillusion/physics/0.2.1:
    resolution: {integrity: sha512-D2VXDQSJR9cR7d3PGvn6nngqTYGg9AKiZGGxoN2iBb1db2KhiNC3o8WOOv/B/NnLSdjOhqUHk8JhufQlHHsHPA==}
    dependencies:
      '@orillusion/ammo': 0.1.1
      '@orillusion/core': 0.7.2
    dev: true

  /@orillusion/stats/0.2.1:
    resolution: {integrity: sha512-ibbTUcTzxmQFZuD7azLdZw+DUyMZBSEdk1ltuj5w1FsaQdHzEHQhPVA01yezVxcZ/SV35xW0HSK4GK5+93PKuQ==}
    dependencies:
      '@orillusion/core': 0.7.2
    dev: true

  /@rollup/rollup-android-arm-eabi/4.4.1:
    resolution: {integrity: sha512-Ss4suS/sd+6xLRu+MLCkED2mUrAyqHmmvZB+zpzZ9Znn9S8wCkTQCJaQ8P8aHofnvG5L16u9MVnJjCqioPErwQ==}
    cpu: [arm]
    os: [android]
    requiresBuild: true
    dev: true
    optional: true

  /@rollup/rollup-android-arm64/4.4.1:
    resolution: {integrity: sha512-sRSkGTvGsARwWd7TzC8LKRf8FiPn7257vd/edzmvG4RIr9x68KBN0/Ek48CkuUJ5Pj/Dp9vKWv6PEupjKWjTYA==}
    cpu: [arm64]
    os: [android]
    requiresBuild: true
    dev: true
    optional: true

  /@rollup/rollup-darwin-arm64/4.4.1:
    resolution: {integrity: sha512-nz0AiGrrXyaWpsmBXUGOBiRDU0wyfSXbFuF98pPvIO8O6auQsPG6riWsfQqmCCC5FNd8zKQ4JhgugRNAkBJ8mQ==}
    cpu: [arm64]
    os: [darwin]
    requiresBuild: true
    dev: true
    optional: true

  /@rollup/rollup-darwin-x64/4.4.1:
    resolution: {integrity: sha512-Ogqvf4/Ve/faMaiPRvzsJEqajbqs00LO+8vtrPBVvLgdw4wBg6ZDXdkDAZO+4MLnrc8mhGV6VJAzYScZdPLtJg==}
    cpu: [x64]
    os: [darwin]
    requiresBuild: true
    dev: true
    optional: true

  /@rollup/rollup-linux-arm-gnueabihf/4.4.1:
    resolution: {integrity: sha512-9zc2tqlr6HfO+hx9+wktUlWTRdje7Ub15iJqKcqg5uJZ+iKqmd2CMxlgPpXi7+bU7bjfDIuvCvnGk7wewFEhCg==}
    cpu: [arm]
    os: [linux]
    requiresBuild: true
    dev: true
    optional: true

  /@rollup/rollup-linux-arm64-gnu/4.4.1:
    resolution: {integrity: sha512-phLb1fN3rq2o1j1v+nKxXUTSJnAhzhU0hLrl7Qzb0fLpwkGMHDem+o6d+ZI8+/BlTXfMU4kVWGvy6g9k/B8L6Q==}
    cpu: [arm64]
    os: [linux]
    requiresBuild: true
    dev: true
    optional: true

  /@rollup/rollup-linux-arm64-musl/4.4.1:
    resolution: {integrity: sha512-M2sDtw4tf57VPSjbTAN/lz1doWUqO2CbQuX3L9K6GWIR5uw9j+ROKCvvUNBY8WUbMxwaoc8mH9HmmBKsLht7+w==}
    cpu: [arm64]
    os: [linux]
    requiresBuild: true
    dev: true
    optional: true

  /@rollup/rollup-linux-x64-gnu/4.4.1:
    resolution: {integrity: sha512-mHIlRLX+hx+30cD6c4BaBOsSqdnCE4ok7/KDvjHYAHoSuveoMMxIisZFvcLhUnyZcPBXDGZTuBoalcuh43UfQQ==}
    cpu: [x64]
    os: [linux]
    requiresBuild: true
    dev: true
    optional: true

  /@rollup/rollup-linux-x64-musl/4.4.1:
    resolution: {integrity: sha512-tB+RZuDi3zxFx7vDrjTNGVLu2KNyzYv+UY8jz7e4TMEoAj7iEt8Qk6xVu6mo3pgjnsHj6jnq3uuRsHp97DLwOA==}
    cpu: [x64]
    os: [linux]
    requiresBuild: true
    dev: true
    optional: true

  /@rollup/rollup-win32-arm64-msvc/4.4.1:
    resolution: {integrity: sha512-Hdn39PzOQowK/HZzYpCuZdJC91PE6EaGbTe2VCA9oq2u18evkisQfws0Smh9QQGNNRa/T7MOuGNQoLeXhhE3PQ==}
    cpu: [arm64]
    os: [win32]
    requiresBuild: true
    dev: true
    optional: true

  /@rollup/rollup-win32-ia32-msvc/4.4.1:
    resolution: {integrity: sha512-tLpKb1Elm9fM8c5w3nl4N1eLTP4bCqTYw9tqUBxX8/hsxqHO3dxc2qPbZ9PNkdK4tg4iLEYn0pOUnVByRd2CbA==}
    cpu: [ia32]
    os: [win32]
    requiresBuild: true
    dev: true
    optional: true

  /@rollup/rollup-win32-x64-msvc/4.4.1:
    resolution: {integrity: sha512-eAhItDX9yQtZVM3yvXS/VR3qPqcnXvnLyx1pLXl4JzyNMBNO3KC986t/iAg2zcMzpAp9JSvxB5VZGnBiNoA98w==}
    cpu: [x64]
    os: [win32]
    requiresBuild: true
    dev: true
    optional: true

  /@types/dat.gui/0.7.11:
    resolution: {integrity: sha512-XQysCephHGw1OhVq8arqT0B+Y0EDZbDu/pDcn7RZamSzspjfRnpG9DmfnFWbGYScKC1sC/w542bnplzwwJe/fQ==}
    dev: true

  /@types/linkify-it/3.0.4:
    resolution: {integrity: sha512-hPpIeeHb/2UuCw06kSNAOVWgehBLXEo0/fUs0mw3W2qhqX89PI2yvok83MnuctYGCPrabGIoi0fFso4DQ+sNUQ==}
    dev: true

  /@types/markdown-it/13.0.7:
    resolution: {integrity: sha512-U/CBi2YUUcTHBt5tjO2r5QV/x0Po6nsYwQU4Y04fBS6vfoImaiZ6f8bi3CjTCxBPQSO1LMyUqkByzi8AidyxfA==}
    dependencies:
      '@types/linkify-it': 3.0.4
      '@types/mdurl': 1.0.4
    dev: true

  /@types/mdurl/1.0.4:
    resolution: {integrity: sha512-ARVxjAEX5TARFRzpDRVC6cEk0hUIXCCwaMhz8y7S1/PxU6zZS1UMjyobz7q4w/D/R552r4++EhwmXK1N2rAy0A==}
    dev: true

  /@types/node/18.18.8:
    resolution: {integrity: sha512-OLGBaaK5V3VRBS1bAkMVP2/W9B+H8meUfl866OrMNQqt7wDgdpWPp5o6gmIc9pB+lIQHSq4ZL8ypeH1vPxcPaQ==}
    dependencies:
      undici-types: 5.26.5
    dev: true

  /@types/web-bluetooth/0.0.20:
    resolution: {integrity: sha512-g9gZnnXVq7gM7v3tJCWV/qw7w+KeOlSHAhgF9RytFyifW6AF61hdT2ucrYhPq9hLs5JIryeupHV3qGk95dH9ow==}
    dev: true

  /@vitejs/plugin-vue/5.0.3_vite@5.0.12+vue@3.4.15:
    resolution: {integrity: sha512-b8S5dVS40rgHdDrw+DQi/xOM9ed+kSRZzfm1T74bMmBDCd8XO87NKlFYInzCtwvtWwXZvo1QxE2OSspTATWrbA==}
    engines: {node: ^18.0.0 || >=20.0.0}
    peerDependencies:
      vite: ^5.0.0
      vue: ^3.2.25
    dependencies:
      vite: 5.0.12_@types+node@18.18.8
      vue: 3.4.15
    dev: true

  /@vue/compiler-core/3.3.7:
    resolution: {integrity: sha512-pACdY6YnTNVLXsB86YD8OF9ihwpolzhhtdLVHhBL6do/ykr6kKXNYABRtNMGrsQXpEXXyAdwvWWkuTbs4MFtPQ==}
    dependencies:
      '@babel/parser': 7.23.0
      '@vue/shared': 3.3.7
      estree-walker: 2.0.2
      source-map-js: 1.0.2
    dev: true

  /@vue/compiler-core/3.4.15:
    resolution: {integrity: sha512-XcJQVOaxTKCnth1vCxEChteGuwG6wqnUHxAm1DO3gCz0+uXKaJNx8/digSz4dLALCy8n2lKq24jSUs8segoqIw==}
    dependencies:
      '@babel/parser': 7.23.6
      '@vue/shared': 3.4.15
      entities: 4.5.0
      estree-walker: 2.0.2
      source-map-js: 1.0.2
    dev: true

  /@vue/compiler-dom/3.3.7:
    resolution: {integrity: sha512-0LwkyJjnUPssXv/d1vNJ0PKfBlDoQs7n81CbO6Q0zdL7H1EzqYRrTVXDqdBVqro0aJjo/FOa1qBAPVI4PGSHBw==}
    dependencies:
      '@vue/compiler-core': 3.3.7
      '@vue/shared': 3.3.7
    dev: true

  /@vue/compiler-dom/3.4.15:
    resolution: {integrity: sha512-wox0aasVV74zoXyblarOM3AZQz/Z+OunYcIHe1OsGclCHt8RsRm04DObjefaI82u6XDzv+qGWZ24tIsRAIi5MQ==}
    dependencies:
      '@vue/compiler-core': 3.4.15
      '@vue/shared': 3.4.15
    dev: true

  /@vue/compiler-sfc/3.3.7:
    resolution: {integrity: sha512-7pfldWy/J75U/ZyYIXRVqvLRw3vmfxDo2YLMwVtWVNew8Sm8d6wodM+OYFq4ll/UxfqVr0XKiVwti32PCrruAw==}
    dependencies:
      '@babel/parser': 7.23.0
      '@vue/compiler-core': 3.3.7
      '@vue/compiler-dom': 3.3.7
      '@vue/compiler-ssr': 3.3.7
      '@vue/reactivity-transform': 3.3.7
      '@vue/shared': 3.3.7
      estree-walker: 2.0.2
      magic-string: 0.30.5
      postcss: 8.4.31
      source-map-js: 1.0.2
    dev: true

  /@vue/compiler-sfc/3.4.15:
    resolution: {integrity: sha512-LCn5M6QpkpFsh3GQvs2mJUOAlBQcCco8D60Bcqmf3O3w5a+KWS5GvYbrrJBkgvL1BDnTp+e8q0lXCLgHhKguBA==}
    dependencies:
      '@babel/parser': 7.23.6
      '@vue/compiler-core': 3.4.15
      '@vue/compiler-dom': 3.4.15
      '@vue/compiler-ssr': 3.4.15
      '@vue/shared': 3.4.15
      estree-walker: 2.0.2
      magic-string: 0.30.5
      postcss: 8.4.33
      source-map-js: 1.0.2
    dev: true

  /@vue/compiler-ssr/3.3.7:
    resolution: {integrity: sha512-TxOfNVVeH3zgBc82kcUv+emNHo+vKnlRrkv8YvQU5+Y5LJGJwSNzcmLUoxD/dNzv0bhQ/F0s+InlgV0NrApJZg==}
    dependencies:
      '@vue/compiler-dom': 3.3.7
      '@vue/shared': 3.3.7
    dev: true

  /@vue/compiler-ssr/3.4.15:
    resolution: {integrity: sha512-1jdeQyiGznr8gjFDadVmOJqZiLNSsMa5ZgqavkPZ8O2wjHv0tVuAEsw5hTdUoUW4232vpBbL/wJhzVW/JwY1Uw==}
    dependencies:
      '@vue/compiler-dom': 3.4.15
      '@vue/shared': 3.4.15
    dev: true

  /@vue/devtools-api/6.5.1:
    resolution: {integrity: sha512-+KpckaAQyfbvshdDW5xQylLni1asvNSGme1JFs8I1+/H5pHEhqUKMEQD/qn3Nx5+/nycBq11qAEi8lk+LXI2dA==}
    dev: true

  /@vue/reactivity-transform/3.3.7:
    resolution: {integrity: sha512-APhRmLVbgE1VPGtoLQoWBJEaQk4V8JUsqrQihImVqKT+8U6Qi3t5ATcg4Y9wGAPb3kIhetpufyZ1RhwbZCIdDA==}
    dependencies:
      '@babel/parser': 7.23.0
      '@vue/compiler-core': 3.3.7
      '@vue/shared': 3.3.7
      estree-walker: 2.0.2
      magic-string: 0.30.5
    dev: true

  /@vue/reactivity/3.3.7:
    resolution: {integrity: sha512-cZNVjWiw00708WqT0zRpyAgduG79dScKEPYJXq2xj/aMtk3SKvL3FBt2QKUlh6EHBJ1m8RhBY+ikBUzwc7/khg==}
    dependencies:
      '@vue/shared': 3.3.7
    dev: true

  /@vue/reactivity/3.4.15:
    resolution: {integrity: sha512-55yJh2bsff20K5O84MxSvXKPHHt17I2EomHznvFiJCAZpJTNW8IuLj1xZWMLELRhBK3kkFV/1ErZGHJfah7i7w==}
    dependencies:
      '@vue/shared': 3.4.15
    dev: true

  /@vue/runtime-core/3.3.7:
    resolution: {integrity: sha512-LHq9du3ubLZFdK/BP0Ysy3zhHqRfBn80Uc+T5Hz3maFJBGhci1MafccnL3rpd5/3wVfRHAe6c+PnlO2PAavPTQ==}
    dependencies:
      '@vue/reactivity': 3.3.7
      '@vue/shared': 3.3.7
    dev: true

  /@vue/runtime-core/3.4.15:
    resolution: {integrity: sha512-6E3by5m6v1AkW0McCeAyhHTw+3y17YCOKG0U0HDKDscV4Hs0kgNT5G+GCHak16jKgcCDHpI9xe5NKb8sdLCLdw==}
    dependencies:
      '@vue/reactivity': 3.4.15
      '@vue/shared': 3.4.15
    dev: true

  /@vue/runtime-dom/3.3.7:
    resolution: {integrity: sha512-PFQU1oeJxikdDmrfoNQay5nD4tcPNYixUBruZzVX/l0eyZvFKElZUjW4KctCcs52nnpMGO6UDK+jF5oV4GT5Lw==}
    dependencies:
      '@vue/runtime-core': 3.3.7
      '@vue/shared': 3.3.7
      csstype: 3.1.2
    dev: true

  /@vue/runtime-dom/3.4.15:
    resolution: {integrity: sha512-EVW8D6vfFVq3V/yDKNPBFkZKGMFSvZrUQmx196o/v2tHKdwWdiZjYUBS+0Ez3+ohRyF8Njwy/6FH5gYJ75liUw==}
    dependencies:
      '@vue/runtime-core': 3.4.15
      '@vue/shared': 3.4.15
      csstype: 3.1.3
    dev: true

  /@vue/server-renderer/3.3.7_vue@3.3.7:
    resolution: {integrity: sha512-UlpKDInd1hIZiNuVVVvLgxpfnSouxKQOSE2bOfQpBuGwxRV/JqqTCyyjXUWiwtVMyeRaZhOYYqntxElk8FhBhw==}
    peerDependencies:
      vue: 3.3.7
    dependencies:
      '@vue/compiler-ssr': 3.3.7
      '@vue/shared': 3.3.7
      vue: 3.3.7
    dev: true

  /@vue/server-renderer/3.4.15_vue@3.4.15:
    resolution: {integrity: sha512-3HYzaidu9cHjrT+qGUuDhFYvF/j643bHC6uUN9BgM11DVy+pM6ATsG6uPBLnkwOgs7BpJABReLmpL3ZPAsUaqw==}
    peerDependencies:
      vue: 3.4.15
    dependencies:
      '@vue/compiler-ssr': 3.4.15
      '@vue/shared': 3.4.15
      vue: 3.4.15
    dev: true

  /@vue/shared/3.3.7:
    resolution: {integrity: sha512-N/tbkINRUDExgcPTBvxNkvHGu504k8lzlNQRITVnm6YjOjwa4r0nnbd4Jb01sNpur5hAllyRJzSK5PvB9PPwRg==}
    dev: true

  /@vue/shared/3.4.15:
    resolution: {integrity: sha512-KzfPTxVaWfB+eGcGdbSf4CWdaXcGDqckoeXUh7SB3fZdEtzPCK2Vq9B/lRRL3yutax/LWITz+SwvgyOxz5V75g==}
    dev: true

  /@vueuse/core/10.7.2_vue@3.4.15:
    resolution: {integrity: sha512-AOyAL2rK0By62Hm+iqQn6Rbu8bfmbgaIMXcE3TSr7BdQ42wnSFlwIdPjInO62onYsEMK/yDMU8C6oGfDAtZ2qQ==}
    dependencies:
      '@types/web-bluetooth': 0.0.20
      '@vueuse/metadata': 10.7.2
      '@vueuse/shared': 10.7.2_vue@3.4.15
      vue-demi: 0.14.6_vue@3.4.15
    transitivePeerDependencies:
      - '@vue/composition-api'
      - vue
    dev: true

  /@vueuse/integrations/10.7.2_kfygnhhxv75az6zb5ynvds2jpi:
    resolution: {integrity: sha512-+u3RLPFedjASs5EKPc69Ge49WNgqeMfSxFn+qrQTzblPXZg6+EFzhjarS5edj2qAf6xQ93f95TUxRwKStXj/sQ==}
    peerDependencies:
      async-validator: '*'
      axios: '*'
      change-case: '*'
      drauu: '*'
      focus-trap: '*'
      fuse.js: '*'
      idb-keyval: '*'
      jwt-decode: '*'
      nprogress: '*'
      qrcode: '*'
      sortablejs: '*'
      universal-cookie: '*'
    peerDependenciesMeta:
      async-validator:
        optional: true
      axios:
        optional: true
      change-case:
        optional: true
      drauu:
        optional: true
      focus-trap:
        optional: true
      fuse.js:
        optional: true
      idb-keyval:
        optional: true
      jwt-decode:
        optional: true
      nprogress:
        optional: true
      qrcode:
        optional: true
      sortablejs:
        optional: true
      universal-cookie:
        optional: true
    dependencies:
      '@vueuse/core': 10.7.2_vue@3.4.15
      '@vueuse/shared': 10.7.2_vue@3.4.15
      focus-trap: 7.5.4
      vue-demi: 0.14.6_vue@3.4.15
    transitivePeerDependencies:
      - '@vue/composition-api'
      - vue
    dev: true

  /@vueuse/metadata/10.7.2:
    resolution: {integrity: sha512-kCWPb4J2KGrwLtn1eJwaJD742u1k5h6v/St5wFe8Quih90+k2a0JP8BS4Zp34XUuJqS2AxFYMb1wjUL8HfhWsQ==}
    dev: true

  /@vueuse/shared/10.7.2_vue@3.4.15:
    resolution: {integrity: sha512-qFbXoxS44pi2FkgFjPvF4h7c9oMDutpyBdcJdMYIMg9XyXli2meFMuaKn+UMgsClo//Th6+beeCgqweT/79BVA==}
    dependencies:
      vue-demi: 0.14.6_vue@3.4.15
    transitivePeerDependencies:
      - '@vue/composition-api'
      - vue
    dev: true

  /algoliasearch/4.20.0:
    resolution: {integrity: sha512-y+UHEjnOItoNy0bYO+WWmLWBlPwDjKHW6mNHrPi0NkuhpQOOEbrkwQH/wgKFDLh7qlKjzoKeiRtlpewDPDG23g==}
    dependencies:
      '@algolia/cache-browser-local-storage': 4.20.0
      '@algolia/cache-common': 4.20.0
      '@algolia/cache-in-memory': 4.20.0
      '@algolia/client-account': 4.20.0
      '@algolia/client-analytics': 4.20.0
      '@algolia/client-common': 4.20.0
      '@algolia/client-personalization': 4.20.0
      '@algolia/client-search': 4.20.0
      '@algolia/logger-common': 4.20.0
      '@algolia/logger-console': 4.20.0
      '@algolia/requester-browser-xhr': 4.20.0
      '@algolia/requester-common': 4.20.0
      '@algolia/requester-node-http': 4.20.0
      '@algolia/transporter': 4.20.0
    dev: true

  /csstype/3.1.2:
    resolution: {integrity: sha512-I7K1Uu0MBPzaFKg4nI5Q7Vs2t+3gWWW648spaF+Rg7pI9ds18Ugn+lvg4SHczUdKlHI5LWBXyqfS8+DufyBsgQ==}
    dev: true

  /csstype/3.1.3:
    resolution: {integrity: sha512-M1uQkMl8rQK/szD0LNhtqxIPLpimGm8sOBwU7lLnCpSbTyY3yeU1Vc7l4KT5zT4s/yOxHH5O7tIuuLOCnLADRw==}
    dev: true

  /earcut/2.2.4:
    resolution: {integrity: sha512-/pjZsA1b4RPHbeWZQn66SWS8nZZWLQQ23oE3Eam7aroEFGEvwKAsJfZ9ytiEMycfzXWpca4FA9QIOehf7PocBQ==}
    dev: true

  /entities/4.5.0:
    resolution: {integrity: sha512-V0hjH4dGPh9Ao5p0MoRY6BVqtwCjhz6vI5LT8AJ55H+4g9/4vbHx1I54fS0XuclLhDHArPQCiMjDxjaL8fPxhw==}
    engines: {node: '>=0.12'}
    dev: true

  /esbuild/0.17.19:
    resolution: {integrity: sha512-XQ0jAPFkK/u3LcVRcvVHQcTIqD6E2H1fvZMA5dQPSOWb3suUbWbfbRf94pjc0bNzRYLfIrDRQXr7X+LHIm5oHw==}
    engines: {node: '>=12'}
    hasBin: true
    requiresBuild: true
    optionalDependencies:
      '@esbuild/android-arm': 0.17.19
      '@esbuild/android-arm64': 0.17.19
      '@esbuild/android-x64': 0.17.19
      '@esbuild/darwin-arm64': 0.17.19
      '@esbuild/darwin-x64': 0.17.19
      '@esbuild/freebsd-arm64': 0.17.19
      '@esbuild/freebsd-x64': 0.17.19
      '@esbuild/linux-arm': 0.17.19
      '@esbuild/linux-arm64': 0.17.19
      '@esbuild/linux-ia32': 0.17.19
      '@esbuild/linux-loong64': 0.17.19
      '@esbuild/linux-mips64el': 0.17.19
      '@esbuild/linux-ppc64': 0.17.19
      '@esbuild/linux-riscv64': 0.17.19
      '@esbuild/linux-s390x': 0.17.19
      '@esbuild/linux-x64': 0.17.19
      '@esbuild/netbsd-x64': 0.17.19
      '@esbuild/openbsd-x64': 0.17.19
      '@esbuild/sunos-x64': 0.17.19
      '@esbuild/win32-arm64': 0.17.19
      '@esbuild/win32-ia32': 0.17.19
      '@esbuild/win32-x64': 0.17.19
    dev: true

  /esbuild/0.19.5:
    resolution: {integrity: sha512-bUxalY7b1g8vNhQKdB24QDmHeY4V4tw/s6Ak5z+jJX9laP5MoQseTOMemAr0gxssjNcH0MCViG8ONI2kksvfFQ==}
    engines: {node: '>=12'}
    hasBin: true
    requiresBuild: true
    optionalDependencies:
      '@esbuild/android-arm': 0.19.5
      '@esbuild/android-arm64': 0.19.5
      '@esbuild/android-x64': 0.19.5
      '@esbuild/darwin-arm64': 0.19.5
      '@esbuild/darwin-x64': 0.19.5
      '@esbuild/freebsd-arm64': 0.19.5
      '@esbuild/freebsd-x64': 0.19.5
      '@esbuild/linux-arm': 0.19.5
      '@esbuild/linux-arm64': 0.19.5
      '@esbuild/linux-ia32': 0.19.5
      '@esbuild/linux-loong64': 0.19.5
      '@esbuild/linux-mips64el': 0.19.5
      '@esbuild/linux-ppc64': 0.19.5
      '@esbuild/linux-riscv64': 0.19.5
      '@esbuild/linux-s390x': 0.19.5
      '@esbuild/linux-x64': 0.19.5
      '@esbuild/netbsd-x64': 0.19.5
      '@esbuild/openbsd-x64': 0.19.5
      '@esbuild/sunos-x64': 0.19.5
      '@esbuild/win32-arm64': 0.19.5
      '@esbuild/win32-ia32': 0.19.5
      '@esbuild/win32-x64': 0.19.5
    dev: true

  /estree-walker/2.0.2:
    resolution: {integrity: sha512-Rfkk/Mp/DL7JVje3u18FxFujQlTNR2q6QfMSMB7AvCBx91NGj/ba3kCfza0f6dVDbw7YlRf/nDrn7pQrCCyQ/w==}
    dev: true

  /focus-trap/7.5.4:
    resolution: {integrity: sha512-N7kHdlgsO/v+iD/dMoJKtsSqs5Dz/dXZVebRgJw23LDk+jMi/974zyiOYDziY2JPp8xivq9BmUGwIJMiuSBi7w==}
    dependencies:
      tabbable: 6.2.0
    dev: true

  /fsevents/2.3.3:
    resolution: {integrity: sha512-5xoDfX+fL7faATnagmWPpbFtwh/R77WmMMqqHGS65C3vvB0YHrgF+B1YmZ3441tMj5n63k0212XNoJwzlhffQw==}
    engines: {node: ^8.16.0 || ^10.6.0 || >=11.0.0}
    os: [darwin]
    requiresBuild: true
    dev: true
    optional: true

  /magic-string/0.30.5:
    resolution: {integrity: sha512-7xlpfBaQaP/T6Vh8MO/EqXSW5En6INHEvEXQiuff7Gku0PWjU3uf6w/j9o7O+SpB5fOAkrI5HeoNgwjEO0pFsA==}
    engines: {node: '>=12'}
    dependencies:
      '@jridgewell/sourcemap-codec': 1.4.15
    dev: true

  /mark.js/8.11.1:
    resolution: {integrity: sha512-1I+1qpDt4idfgLQG+BNWmrqku+7/2bi5nLf4YwF8y8zXvmfiTBY3PV3ZibfrjBueCByROpuBjLLFCajqkgYoLQ==}
    dev: true

  /minisearch/6.3.0:
    resolution: {integrity: sha512-ihFnidEeU8iXzcVHy74dhkxh/dn8Dc08ERl0xwoMMGqp4+LvRSCgicb+zGqWthVokQKvCSxITlh3P08OzdTYCQ==}
    dev: true

  /nanoid/3.3.6:
    resolution: {integrity: sha512-BGcqMMJuToF7i1rt+2PWSNVnWIkGCU78jBG3RxO/bZlnZPK2Cmi2QaffxGO/2RvWi9sL+FAiRiXMgsyxQ1DIDA==}
    engines: {node: ^10 || ^12 || ^13.7 || ^14 || >=15.0.1}
    hasBin: true
    dev: true

  /nanoid/3.3.7:
    resolution: {integrity: sha512-eSRppjcPIatRIMC1U6UngP8XFcz8MQWGQdt1MTBQ7NaAmvXDfvNxbvWV3x2y6CdEUciCSsDHDQZbhYaB8QEo2g==}
    engines: {node: ^10 || ^12 || ^13.7 || ^14 || >=15.0.1}
    hasBin: true
    dev: true

  /picocolors/1.0.0:
    resolution: {integrity: sha512-1fygroTLlHu66zi26VoTDv8yRgm0Fccecssto+MhsZ0D/DGW2sm8E8AjW7NU5VVTRt5GxbeZ5qBuJr+HyLYkjQ==}
    dev: true

  /postcss/8.4.31:
    resolution: {integrity: sha512-PS08Iboia9mts/2ygV3eLpY5ghnUcfLV/EXTOW1E2qYxJKGGBUtNjN76FYHnMs36RmARn41bC0AZmn+rR0OVpQ==}
    engines: {node: ^10 || ^12 || >=14}
    dependencies:
      nanoid: 3.3.6
      picocolors: 1.0.0
      source-map-js: 1.0.2
    dev: true

  /postcss/8.4.32:
    resolution: {integrity: sha512-D/kj5JNu6oo2EIy+XL/26JEDTlIbB8hw85G8StOE6L74RQAVVP5rej6wxCNqyMbR4RkPfqvezVbPw81Ngd6Kcw==}
    engines: {node: ^10 || ^12 || >=14}
    dependencies:
      nanoid: 3.3.7
      picocolors: 1.0.0
      source-map-js: 1.0.2
    dev: true

  /postcss/8.4.33:
    resolution: {integrity: sha512-Kkpbhhdjw2qQs2O2DGX+8m5OVqEcbB9HRBvuYM9pgrjEFUg30A9LmXNlTAUj4S9kgtGyrMbTzVjH7E+s5Re2yg==}
    engines: {node: ^10 || ^12 || >=14}
    dependencies:
      nanoid: 3.3.7
      picocolors: 1.0.0
      source-map-js: 1.0.2
    dev: true

  /preact/10.18.1:
    resolution: {integrity: sha512-mKUD7RRkQQM6s7Rkmi7IFkoEHjuFqRQUaXamO61E6Nn7vqF/bo7EZCmSyrUnp2UWHw0O7XjZ2eeXis+m7tf4lg==}
    dev: true

  /prettier/2.8.8:
    resolution: {integrity: sha512-tdN8qQGvNjw4CHbY+XXk0JgCXn9QiF21a55rBe5LJAU+kDyC4WQn4+awm2Xfk2lQMk5fKup9XgzTZtGkjBdP9Q==}
    engines: {node: '>=10.13.0'}
    hasBin: true
    dev: true

  /rollup/4.4.1:
    resolution: {integrity: sha512-idZzrUpWSblPJX66i+GzrpjKE3vbYrlWirUHteoAbjKReZwa0cohAErOYA5efoMmNCdvG9yrJS+w9Kl6csaH4w==}
    engines: {node: '>=18.0.0', npm: '>=8.0.0'}
    hasBin: true
    optionalDependencies:
      '@rollup/rollup-android-arm-eabi': 4.4.1
      '@rollup/rollup-android-arm64': 4.4.1
      '@rollup/rollup-darwin-arm64': 4.4.1
      '@rollup/rollup-darwin-x64': 4.4.1
      '@rollup/rollup-linux-arm-gnueabihf': 4.4.1
      '@rollup/rollup-linux-arm64-gnu': 4.4.1
      '@rollup/rollup-linux-arm64-musl': 4.4.1
      '@rollup/rollup-linux-x64-gnu': 4.4.1
      '@rollup/rollup-linux-x64-musl': 4.4.1
      '@rollup/rollup-win32-arm64-msvc': 4.4.1
      '@rollup/rollup-win32-ia32-msvc': 4.4.1
      '@rollup/rollup-win32-x64-msvc': 4.4.1
      fsevents: 2.3.3
    dev: true

  /shikiji-core/0.10.2:
    resolution: {integrity: sha512-9Of8HMlF96usXJHmCL3Gd0Fcf0EcyJUF9m8EoAKKd98mHXi0La2AZl1h6PegSFGtiYcBDK/fLuKbDa1l16r1fA==}
    dev: true

  /shikiji-transformers/0.10.2:
    resolution: {integrity: sha512-7IVTwl1af205ywYEq5bOAYOTOFW4V1dVX1EablP0nWKErqZeD1o93VMytxmtJomqS+YwbB8doY8SE3MFMn0aPQ==}
    dependencies:
      shikiji: 0.10.2
    dev: true

  /shikiji/0.10.2:
    resolution: {integrity: sha512-wtZg3T0vtYV2PnqusWQs3mDaJBdCPWxFDrBM/SE5LfrX92gjUvfEMlc+vJnoKY6Z/S44OWaCRzNIsdBRWcTAiw==}
    dependencies:
      shikiji-core: 0.10.2
    dev: true

  /source-map-js/1.0.2:
    resolution: {integrity: sha512-R0XvVJ9WusLiqTCEiGCmICCMplcCkIwwR11mOSD9CR5u+IXYdiseeEuXCVAjS54zqwkLcPNnmU4OeJ6tUrWhDw==}
    engines: {node: '>=0.10.0'}
    dev: true

  /tabbable/6.2.0:
    resolution: {integrity: sha512-Cat63mxsVJlzYvN51JmVXIgNoUokrIaT2zLclCXjRd8boZ0004U4KCs/sToJ75C6sdlByWxpYnb5Boif1VSFew==}
    dev: true

  /to-fast-properties/2.0.0:
    resolution: {integrity: sha512-/OaKK0xYrs3DmxRYqL/yDc+FxFUVYhDlXMhRmv3z915w2HF1tnN1omB354j8VUGO/hbRzyD6Y3sA7v7GS/ceog==}
    engines: {node: '>=4'}
    dev: true

  /undici-types/5.26.5:
    resolution: {integrity: sha512-JlCMO+ehdEIKqlFxk6IfVoAUVmgz7cU7zD/h9XZ0qzeosSHmUJVOzSQvvYSYWXkFXC+IfLKSIffhv0sVZup6pA==}
    dev: true

  /vite/5.0.12_@types+node@18.18.8:
    resolution: {integrity: sha512-4hsnEkG3q0N4Tzf1+t6NdN9dg/L3BM+q8SWgbSPnJvrgH2kgdyzfVJwbR1ic69/4uMJJ/3dqDZZE5/WwqW8U1w==}
    engines: {node: ^18.0.0 || >=20.0.0}
    hasBin: true
    peerDependencies:
      '@types/node': ^18.0.0 || >=20.0.0
      less: '*'
      lightningcss: ^1.21.0
      sass: '*'
      stylus: '*'
      sugarss: '*'
      terser: ^5.4.0
    peerDependenciesMeta:
      '@types/node':
        optional: true
      less:
        optional: true
      lightningcss:
        optional: true
      sass:
        optional: true
      stylus:
        optional: true
      sugarss:
        optional: true
      terser:
        optional: true
    dependencies:
      '@types/node': 18.18.8
      esbuild: 0.19.5
      postcss: 8.4.32
      rollup: 4.4.1
    optionalDependencies:
      fsevents: 2.3.3
    dev: true

  /vitepress/1.0.0-rc.40_@types+node@18.18.8:
    resolution: {integrity: sha512-1x9PCrcsJwqhpccyTR93uD6jpiPDeRC98CBCAQLLBb44a3VSXYBPzhCahi+2kwAYylu49p0XhseMPVM4IVcWcw==}
    hasBin: true
    peerDependencies:
      markdown-it-mathjax3: ^4.3.2
      postcss: ^8.4.33
    peerDependenciesMeta:
      markdown-it-mathjax3:
        optional: true
      postcss:
        optional: true
    dependencies:
      '@docsearch/css': 3.5.2
      '@docsearch/js': 3.5.2
      '@types/markdown-it': 13.0.7
      '@vitejs/plugin-vue': 5.0.3_vite@5.0.12+vue@3.4.15
      '@vue/devtools-api': 6.5.1
      '@vueuse/core': 10.7.2_vue@3.4.15
      '@vueuse/integrations': 10.7.2_kfygnhhxv75az6zb5ynvds2jpi
      focus-trap: 7.5.4
      mark.js: 8.11.1
      minisearch: 6.3.0
      shikiji: 0.10.2
      shikiji-core: 0.10.2
      shikiji-transformers: 0.10.2
      vite: 5.0.12_@types+node@18.18.8
      vue: 3.4.15
    transitivePeerDependencies:
      - '@algolia/client-search'
      - '@types/node'
      - '@types/react'
      - '@vue/composition-api'
      - async-validator
      - axios
      - change-case
      - drauu
      - fuse.js
      - idb-keyval
      - jwt-decode
      - less
      - lightningcss
      - nprogress
      - qrcode
      - react
      - react-dom
      - sass
      - search-insights
      - sortablejs
      - stylus
      - sugarss
      - terser
      - typescript
      - universal-cookie
    dev: true

  /vue-demi/0.14.6_vue@3.4.15:
    resolution: {integrity: sha512-8QA7wrYSHKaYgUxDA5ZC24w+eHm3sYCbp0EzcDwKqN3p6HqtTCGR/GVsPyZW92unff4UlcSh++lmqDWN3ZIq4w==}
    engines: {node: '>=12'}
    hasBin: true
    requiresBuild: true
    peerDependencies:
      '@vue/composition-api': ^1.0.0-rc.1
      vue: ^3.0.0-0 || ^2.6.0
    peerDependenciesMeta:
      '@vue/composition-api':
        optional: true
    dependencies:
      vue: 3.4.15
    dev: true

  /vue/3.3.7:
    resolution: {integrity: sha512-YEMDia1ZTv1TeBbnu6VybatmSteGOS3A3YgfINOfraCbf85wdKHzscD6HSS/vB4GAtI7sa1XPX7HcQaJ1l24zA==}
    peerDependencies:
      typescript: '*'
    peerDependenciesMeta:
      typescript:
        optional: true
    dependencies:
      '@vue/compiler-dom': 3.3.7
      '@vue/compiler-sfc': 3.3.7
      '@vue/runtime-dom': 3.3.7
      '@vue/server-renderer': 3.3.7_vue@3.3.7
      '@vue/shared': 3.3.7
    dev: true

  /vue/3.4.15:
    resolution: {integrity: sha512-jC0GH4KkWLWJOEQjOpkqU1bQsBwf4R1rsFtw5GQJbjHVKWDzO6P0nWWBTmjp1xSemAioDFj1jdaK1qa3DnMQoQ==}
    peerDependencies:
      typescript: '*'
    peerDependenciesMeta:
      typescript:
        optional: true
    dependencies:
      '@vue/compiler-dom': 3.4.15
      '@vue/compiler-sfc': 3.4.15
      '@vue/runtime-dom': 3.4.15
      '@vue/server-renderer': 3.4.15_vue@3.4.15
      '@vue/shared': 3.4.15
    dev: true
